{
  "originHash" : "df228d2f52343dfbfd616310ffb554823e54f551e5937d5a214d2354feb030b7",
  "pins" : [
    {
      "identity" : "lottie-ios",
      "kind" : "remoteSourceControl",
      "location" : "https://github.com/airbnb/lottie-ios.git",
      "state" : {
        "revision" : "7fe8b6f697ae7db4bf0df270119592cb5d502848",
        "version" : "4.4.1"
      }
    },
    {
      "identity" : "sqlite.swift",
      "kind" : "remoteSourceControl",
      "location" : "https://github.com/stephencelis/SQLite.swift.git",
      "state" : {
        "revision" : "e78ae0220e17525a15ac68c697a155eb7a672a8e",
        "version" : "0.15.0"
      }
    },
    {
      "identity" : "unsplash-photopicker-ios",
      "kind" : "remoteSourceControl",
      "location" : "https://github.com/unsplash/unsplash-photopicker-ios.git",
      "state" : {
        "revision" : "7306a92362855ec41149e5e214c63089586653f4",
        "version" : "1.3.0"
      }
    }
  ],
  "version" : 3
}
