// !$*UTF8*$!
{
	archiveVersion = 1;
	classes = {
	};
	objectVersion = 56;
	objects = {

/* Begin PBXBuildFile section */
		4407A15F2BAA04F30047DF93 /* UnsplashPhotoPicker in Frameworks */ = {isa = PBXBuildFile; productRef = 4407A15E2BAA04F30047DF93 /* UnsplashPhotoPicker */; };
		4407A1612BAA0F6B0047DF93 /* urlTask.swift in Sources */ = {isa = PBXBuildFile; fileRef = 4407A1602BAA0F6B0047DF93 /* urlTask.swift */; };
		4407A1642BAA40D00047DF93 /* Utilities.swift in Sources */ = {isa = PBXBuildFile; fileRef = 4407A1632BAA40D00047DF93 /* Utilities.swift */; };
		4407A1662BAA41A70047DF93 /* LocationView.swift in Sources */ = {isa = PBXBuildFile; fileRef = 4407A1652BAA41A70047DF93 /* LocationView.swift */; };
		4407A1682BAA88570047DF93 /* TimerView.swift in Sources */ = {isa = PBXBuildFile; fileRef = 4407A1672BAA88570047DF93 /* TimerView.swift */; };
		4407A16C2BABB10E0047DF93 /* RouteView.swift in Sources */ = {isa = PBXBuildFile; fileRef = 4407A16B2BABB10E0047DF93 /* RouteView.swift */; };
		4407A16E2BABB4170047DF93 /* RouteRowView.swift in Sources */ = {isa = PBXBuildFile; fileRef = 4407A16D2BABB4170047DF93 /* RouteRowView.swift */; };
		4407A1702BABBC550047DF93 /* LocationRowView.swift in Sources */ = {isa = PBXBuildFile; fileRef = 4407A16F2BABBC550047DF93 /* LocationRowView.swift */; };
		4407A1742BABCEFD0047DF93 /* PassportView.swift in Sources */ = {isa = PBXBuildFile; fileRef = 4407A1732BABCEFD0047DF93 /* PassportView.swift */; };
		4407A1762BABE9680047DF93 /* StatsView.swift in Sources */ = {isa = PBXBuildFile; fileRef = 4407A1752BABE9680047DF93 /* StatsView.swift */; };
		4407A17A2BABE9AC0047DF93 /* RankingView.swift in Sources */ = {isa = PBXBuildFile; fileRef = 4407A1792BABE9AC0047DF93 /* RankingView.swift */; };
		4407A17E2BAC889E0047DF93 /* BlurView.swift in Sources */ = {isa = PBXBuildFile; fileRef = 4407A17D2BAC889D0047DF93 /* BlurView.swift */; };
		4407A1802BAC8DA90047DF93 /* SmallCardView.swift in Sources */ = {isa = PBXBuildFile; fileRef = 4407A17F2BAC8DA90047DF93 /* SmallCardView.swift */; };
		4407A1822BAC93950047DF93 /* DataStructures.swift in Sources */ = {isa = PBXBuildFile; fileRef = 4407A1812BAC93950047DF93 /* DataStructures.swift */; };
		4407A18C2BB5B1ED0047DF93 /* CustomMapView.swift in Sources */ = {isa = PBXBuildFile; fileRef = 4407A18B2BB5B1ED0047DF93 /* CustomMapView.swift */; };
		4407A18E2BB5B2EF0047DF93 /* CustomMapOverlay.swift in Sources */ = {isa = PBXBuildFile; fileRef = 4407A18D2BB5B2EE0047DF93 /* CustomMapOverlay.swift */; };
		4407A1922BB5F0940047DF93 /* maps.bundle in Resources */ = {isa = PBXBuildFile; fileRef = 4407A1912BB5F0940047DF93 /* maps.bundle */; };
		4407A1962BB625580047DF93 /* MapTestView.swift in Sources */ = {isa = PBXBuildFile; fileRef = 4407A1952BB625580047DF93 /* MapTestView.swift */; };
		4407A1982BB625910047DF93 /* Scene.swift in Sources */ = {isa = PBXBuildFile; fileRef = 4407A1972BB625910047DF93 /* Scene.swift */; };
		4407A19A2BB6490A0047DF93 /* Annotation.swift in Sources */ = {isa = PBXBuildFile; fileRef = 4407A1992BB6490A0047DF93 /* Annotation.swift */; };
		613381E02BA69EA900DB71AC /* Tables.swift in Sources */ = {isa = PBXBuildFile; fileRef = 613381DF2BA69EA900DB71AC /* Tables.swift */; };
		613381E32BA69F0800DB71AC /* SQLite in Frameworks */ = {isa = PBXBuildFile; productRef = 613381E22BA69F0800DB71AC /* SQLite */; };
		613381EE2BA6B38100DB71AC /* dataModel.swift in Sources */ = {isa = PBXBuildFile; fileRef = 613381ED2BA6B38100DB71AC /* dataModel.swift */; };
		6193591C2BAAA66900541BC2 /* TableManagement.swift in Sources */ = {isa = PBXBuildFile; fileRef = 6193591B2BAAA66900541BC2 /* TableManagement.swift */; };
		6193591E2BAAA67400541BC2 /* RouteManagement.swift in Sources */ = {isa = PBXBuildFile; fileRef = 6193591D2BAAA67400541BC2 /* RouteManagement.swift */; };
		619359202BAAA67C00541BC2 /* LocationManagement.swift in Sources */ = {isa = PBXBuildFile; fileRef = 6193591F2BAAA67C00541BC2 /* LocationManagement.swift */; };
		619359222BAAA68200541BC2 /* RewardManagement.swift in Sources */ = {isa = PBXBuildFile; fileRef = 619359212BAAA68200541BC2 /* RewardManagement.swift */; };
		619359242BAAA68600541BC2 /* FocusSessionManagement.swift in Sources */ = {isa = PBXBuildFile; fileRef = 619359232BAAA68600541BC2 /* FocusSessionManagement.swift */; };
		619359262BAAA68A00541BC2 /* UserProfileManagement.swift in Sources */ = {isa = PBXBuildFile; fileRef = 619359252BAAA68A00541BC2 /* UserProfileManagement.swift */; };
		61C355C72BA69ABA00B8FD66 /* TripMakerApp.swift in Sources */ = {isa = PBXBuildFile; fileRef = 61C355C62BA69ABA00B8FD66 /* TripMakerApp.swift */; };
		61C355C92BA69ABA00B8FD66 /* ContentView.swift in Sources */ = {isa = PBXBuildFile; fileRef = 61C355C82BA69ABA00B8FD66 /* ContentView.swift */; };
		61C355CB2BA69ABA00B8FD66 /* Item.swift in Sources */ = {isa = PBXBuildFile; fileRef = 61C355CA2BA69ABA00B8FD66 /* Item.swift */; };
		61C355CD2BA69ABB00B8FD66 /* Assets.xcassets in Resources */ = {isa = PBXBuildFile; fileRef = 61C355CC2BA69ABB00B8FD66 /* Assets.xcassets */; };
		61C355D02BA69ABB00B8FD66 /* Preview Assets.xcassets in Resources */ = {isa = PBXBuildFile; fileRef = 61C355CF2BA69ABB00B8FD66 /* Preview Assets.xcassets */; };
		61DDB6182BABD3A300A8D1EE /* MenuOptionView.swift in Sources */ = {isa = PBXBuildFile; fileRef = 61DDB6132BABD3A200A8D1EE /* MenuOptionView.swift */; };
		61DDB6192BABD3A300A8D1EE /* ProfileHeaderView.swift in Sources */ = {isa = PBXBuildFile; fileRef = 61DDB6142BABD3A200A8D1EE /* ProfileHeaderView.swift */; };
		61DDB61A2BABD3A300A8D1EE /* SideMenu.swift in Sources */ = {isa = PBXBuildFile; fileRef = 61DDB6152BABD3A200A8D1EE /* SideMenu.swift */; };
		61DDB61B2BABD3A300A8D1EE /* SideMenuView.swift in Sources */ = {isa = PBXBuildFile; fileRef = 61DDB6162BABD3A200A8D1EE /* SideMenuView.swift */; };
		61DDB61D2BABD3C900A8D1EE /* MapView.swift in Sources */ = {isa = PBXBuildFile; fileRef = 61DDB61C2BABD3C900A8D1EE /* MapView.swift */; };
		61DDB61F2BABD3D000A8D1EE /* ProfileView.swift in Sources */ = {isa = PBXBuildFile; fileRef = 61DDB61E2BABD3D000A8D1EE /* ProfileView.swift */; };
		61DDB6212BABEF0B00A8D1EE /* Constants.swift in Sources */ = {isa = PBXBuildFile; fileRef = 61DDB6202BABEF0B00A8D1EE /* Constants.swift */; };
		61DDB6232BABFD9D00A8D1EE /* BarChartView.swift in Sources */ = {isa = PBXBuildFile; fileRef = 61DDB6222BABFD9D00A8D1EE /* BarChartView.swift */; };
/* End PBXBuildFile section */

/* Begin PBXFileReference section */
		4407A1602BAA0F6B0047DF93 /* urlTask.swift */ = {isa = PBXFileReference; lastKnownFileType = sourcecode.swift; path = urlTask.swift; sourceTree = "<group>"; };
		4407A1632BAA40D00047DF93 /* Utilities.swift */ = {isa = PBXFileReference; lastKnownFileType = sourcecode.swift; path = Utilities.swift; sourceTree = "<group>"; };
		4407A1652BAA41A70047DF93 /* LocationView.swift */ = {isa = PBXFileReference; lastKnownFileType = sourcecode.swift; path = LocationView.swift; sourceTree = "<group>"; };
		4407A1672BAA88570047DF93 /* TimerView.swift */ = {isa = PBXFileReference; lastKnownFileType = sourcecode.swift; path = TimerView.swift; sourceTree = "<group>"; };
		4407A16B2BABB10E0047DF93 /* RouteView.swift */ = {isa = PBXFileReference; lastKnownFileType = sourcecode.swift; path = RouteView.swift; sourceTree = "<group>"; };
		4407A16D2BABB4170047DF93 /* RouteRowView.swift */ = {isa = PBXFileReference; lastKnownFileType = sourcecode.swift; path = RouteRowView.swift; sourceTree = "<group>"; };
		4407A16F2BABBC550047DF93 /* LocationRowView.swift */ = {isa = PBXFileReference; lastKnownFileType = sourcecode.swift; path = LocationRowView.swift; sourceTree = "<group>"; };
		4407A1732BABCEFD0047DF93 /* PassportView.swift */ = {isa = PBXFileReference; lastKnownFileType = sourcecode.swift; path = PassportView.swift; sourceTree = "<group>"; };
		4407A1752BABE9680047DF93 /* StatsView.swift */ = {isa = PBXFileReference; lastKnownFileType = sourcecode.swift; path = StatsView.swift; sourceTree = "<group>"; };
		4407A1792BABE9AC0047DF93 /* RankingView.swift */ = {isa = PBXFileReference; lastKnownFileType = sourcecode.swift; path = RankingView.swift; sourceTree = "<group>"; };
		4407A17D2BAC889D0047DF93 /* BlurView.swift */ = {isa = PBXFileReference; lastKnownFileType = sourcecode.swift; path = BlurView.swift; sourceTree = "<group>"; };
		4407A17F2BAC8DA90047DF93 /* SmallCardView.swift */ = {isa = PBXFileReference; lastKnownFileType = sourcecode.swift; path = SmallCardView.swift; sourceTree = "<group>"; };
		4407A1812BAC93950047DF93 /* DataStructures.swift */ = {isa = PBXFileReference; lastKnownFileType = sourcecode.swift; path = DataStructures.swift; sourceTree = "<group>"; };
		4407A18B2BB5B1ED0047DF93 /* CustomMapView.swift */ = {isa = PBXFileReference; lastKnownFileType = sourcecode.swift; path = CustomMapView.swift; sourceTree = "<group>"; };
		4407A18D2BB5B2EE0047DF93 /* CustomMapOverlay.swift */ = {isa = PBXFileReference; lastKnownFileType = sourcecode.swift; path = CustomMapOverlay.swift; sourceTree = "<group>"; };
		4407A1912BB5F0940047DF93 /* maps.bundle */ = {isa = PBXFileReference; lastKnownFileType = "wrapper.plug-in"; path = maps.bundle; sourceTree = "<group>"; };
		4407A1952BB625580047DF93 /* MapTestView.swift */ = {isa = PBXFileReference; lastKnownFileType = sourcecode.swift; path = MapTestView.swift; sourceTree = "<group>"; };
		4407A1972BB625910047DF93 /* Scene.swift */ = {isa = PBXFileReference; lastKnownFileType = sourcecode.swift; path = Scene.swift; sourceTree = "<group>"; };
		4407A1992BB6490A0047DF93 /* Annotation.swift */ = {isa = PBXFileReference; lastKnownFileType = sourcecode.swift; path = Annotation.swift; sourceTree = "<group>"; };
		613381DF2BA69EA900DB71AC /* Tables.swift */ = {isa = PBXFileReference; lastKnownFileType = sourcecode.swift; path = Tables.swift; sourceTree = "<group>"; };
		613381ED2BA6B38100DB71AC /* dataModel.swift */ = {isa = PBXFileReference; lastKnownFileType = sourcecode.swift; path = dataModel.swift; sourceTree = "<group>"; };
		6193591B2BAAA66900541BC2 /* TableManagement.swift */ = {isa = PBXFileReference; fileEncoding = 4; lastKnownFileType = sourcecode.swift; path = TableManagement.swift; sourceTree = "<group>"; };
		6193591D2BAAA67400541BC2 /* RouteManagement.swift */ = {isa = PBXFileReference; fileEncoding = 4; lastKnownFileType = sourcecode.swift; path = RouteManagement.swift; sourceTree = "<group>"; };
		6193591F2BAAA67C00541BC2 /* LocationManagement.swift */ = {isa = PBXFileReference; fileEncoding = 4; lastKnownFileType = sourcecode.swift; path = LocationManagement.swift; sourceTree = "<group>"; };
		619359212BAAA68200541BC2 /* RewardManagement.swift */ = {isa = PBXFileReference; fileEncoding = 4; lastKnownFileType = sourcecode.swift; path = RewardManagement.swift; sourceTree = "<group>"; };
		619359232BAAA68600541BC2 /* FocusSessionManagement.swift */ = {isa = PBXFileReference; fileEncoding = 4; lastKnownFileType = sourcecode.swift; path = FocusSessionManagement.swift; sourceTree = "<group>"; };
		619359252BAAA68A00541BC2 /* UserProfileManagement.swift */ = {isa = PBXFileReference; fileEncoding = 4; lastKnownFileType = sourcecode.swift; path = UserProfileManagement.swift; sourceTree = "<group>"; };
		61C355C32BA69ABA00B8FD66 /* TripMaker.app */ = {isa = PBXFileReference; explicitFileType = wrapper.application; includeInIndex = 0; path = TripMaker.app; sourceTree = BUILT_PRODUCTS_DIR; };
		61C355C62BA69ABA00B8FD66 /* TripMakerApp.swift */ = {isa = PBXFileReference; lastKnownFileType = sourcecode.swift; path = TripMakerApp.swift; sourceTree = "<group>"; };
		61C355C82BA69ABA00B8FD66 /* ContentView.swift */ = {isa = PBXFileReference; lastKnownFileType = sourcecode.swift; path = ContentView.swift; sourceTree = "<group>"; };
		61C355CA2BA69ABA00B8FD66 /* Item.swift */ = {isa = PBXFileReference; lastKnownFileType = sourcecode.swift; path = Item.swift; sourceTree = "<group>"; };
		61C355CC2BA69ABB00B8FD66 /* Assets.xcassets */ = {isa = PBXFileReference; lastKnownFileType = folder.assetcatalog; path = Assets.xcassets; sourceTree = "<group>"; };
		61C355CF2BA69ABB00B8FD66 /* Preview Assets.xcassets */ = {isa = PBXFileReference; lastKnownFileType = folder.assetcatalog; path = "Preview Assets.xcassets"; sourceTree = "<group>"; };
		61DDB6132BABD3A200A8D1EE /* MenuOptionView.swift */ = {isa = PBXFileReference; fileEncoding = 4; lastKnownFileType = sourcecode.swift; path = MenuOptionView.swift; sourceTree = "<group>"; };
		61DDB6142BABD3A200A8D1EE /* ProfileHeaderView.swift */ = {isa = PBXFileReference; fileEncoding = 4; lastKnownFileType = sourcecode.swift; path = ProfileHeaderView.swift; sourceTree = "<group>"; };
		61DDB6152BABD3A200A8D1EE /* SideMenu.swift */ = {isa = PBXFileReference; fileEncoding = 4; lastKnownFileType = sourcecode.swift; path = SideMenu.swift; sourceTree = "<group>"; };
		61DDB6162BABD3A200A8D1EE /* SideMenuView.swift */ = {isa = PBXFileReference; fileEncoding = 4; lastKnownFileType = sourcecode.swift; path = SideMenuView.swift; sourceTree = "<group>"; };
		61DDB61C2BABD3C900A8D1EE /* MapView.swift */ = {isa = PBXFileReference; fileEncoding = 4; lastKnownFileType = sourcecode.swift; path = MapView.swift; sourceTree = "<group>"; };
		61DDB61E2BABD3D000A8D1EE /* ProfileView.swift */ = {isa = PBXFileReference; fileEncoding = 4; lastKnownFileType = sourcecode.swift; path = ProfileView.swift; sourceTree = "<group>"; };
		61DDB6202BABEF0B00A8D1EE /* Constants.swift */ = {isa = PBXFileReference; lastKnownFileType = sourcecode.swift; path = Constants.swift; sourceTree = "<group>"; };
		61DDB6222BABFD9D00A8D1EE /* BarChartView.swift */ = {isa = PBXFileReference; lastKnownFileType = sourcecode.swift; path = BarChartView.swift; sourceTree = "<group>"; };
/* End PBXFileReference section */

/* Begin PBXFrameworksBuildPhase section */
		61C355C02BA69ABA00B8FD66 /* Frameworks */ = {
			isa = PBXFrameworksBuildPhase;
			buildActionMask = 2147483647;
			files = (
				613381E32BA69F0800DB71AC /* SQLite in Frameworks */,
				4407A15F2BAA04F30047DF93 /* UnsplashPhotoPicker in Frameworks */,
			);
			runOnlyForDeploymentPostprocessing = 0;
		};
/* End PBXFrameworksBuildPhase section */

/* Begin PBXGroup section */
		4407A1622BAA40AC0047DF93 /* Utility */ = {
			isa = PBXGroup;
			children = (
				4407A1632BAA40D00047DF93 /* Utilities.swift */,
				61DDB6202BABEF0B00A8D1EE /* Constants.swift */,
			);
			path = Utility;
			sourceTree = "<group>";
		};
		4407A17C2BAC87A40047DF93 /* CustomListViews */ = {
			isa = PBXGroup;
			children = (
				4407A17D2BAC889D0047DF93 /* BlurView.swift */,
				4407A17F2BAC8DA90047DF93 /* SmallCardView.swift */,
			);
			path = CustomListViews;
			sourceTree = "<group>";
		};
		4407A18A2BB4B6A00047DF93 /* MapViews */ = {
			isa = PBXGroup;
			children = (
				4407A18B2BB5B1ED0047DF93 /* CustomMapView.swift */,
				4407A1952BB625580047DF93 /* MapTestView.swift */,
				4407A1992BB6490A0047DF93 /* Annotation.swift */,
				4407A1972BB625910047DF93 /* Scene.swift */,
				4407A18D2BB5B2EE0047DF93 /* CustomMapOverlay.swift */,
			);
			path = MapViews;
			sourceTree = "<group>";
		};
		613381DD2BA69DE600DB71AC /* Model */ = {
			isa = PBXGroup;
			children = (
				613381DF2BA69EA900DB71AC /* Tables.swift */,
				4407A1812BAC93950047DF93 /* DataStructures.swift */,
				613381ED2BA6B38100DB71AC /* dataModel.swift */,
				619359212BAAA68200541BC2 /* RewardManagement.swift */,
				6193591F2BAAA67C00541BC2 /* LocationManagement.swift */,
				619359252BAAA68A00541BC2 /* UserProfileManagement.swift */,
				619359232BAAA68600541BC2 /* FocusSessionManagement.swift */,
				6193591D2BAAA67400541BC2 /* RouteManagement.swift */,
				6193591B2BAAA66900541BC2 /* TableManagement.swift */,
				4407A1602BAA0F6B0047DF93 /* urlTask.swift */,
			);
			path = Model;
			sourceTree = "<group>";
		};
		613381DE2BA69DF100DB71AC /* View */ = {
			isa = PBXGroup;
			children = (
				4407A18A2BB4B6A00047DF93 /* MapViews */,
				4407A17C2BAC87A40047DF93 /* CustomListViews */,
				61DDB6172BABD3A200A8D1EE /* SideMenuViews */,
				61C355C82BA69ABA00B8FD66 /* ContentView.swift */,
				4407A1792BABE9AC0047DF93 /* RankingView.swift */,
				4407A1752BABE9680047DF93 /* StatsView.swift */,
				4407A1732BABCEFD0047DF93 /* PassportView.swift */,
				4407A1672BAA88570047DF93 /* TimerView.swift */,
				4407A16B2BABB10E0047DF93 /* RouteView.swift */,
				4407A16D2BABB4170047DF93 /* RouteRowView.swift */,
				4407A1652BAA41A70047DF93 /* LocationView.swift */,
				4407A16F2BABBC550047DF93 /* LocationRowView.swift */,
				61DDB61C2BABD3C900A8D1EE /* MapView.swift */,
				61DDB61E2BABD3D000A8D1EE /* ProfileView.swift */,
				61DDB6222BABFD9D00A8D1EE /* BarChartView.swift */,
			);
			path = View;
			sourceTree = "<group>";
		};
		61C355BA2BA69ABA00B8FD66 = {
			isa = PBXGroup;
			children = (
				4407A1912BB5F0940047DF93 /* maps.bundle */,
				61C355C52BA69ABA00B8FD66 /* TripMaker */,
				61C355C42BA69ABA00B8FD66 /* Products */,
			);
			sourceTree = "<group>";
		};
		61C355C42BA69ABA00B8FD66 /* Products */ = {
			isa = PBXGroup;
			children = (
				61C355C32BA69ABA00B8FD66 /* TripMaker.app */,
			);
			name = Products;
			sourceTree = "<group>";
		};
		61C355C52BA69ABA00B8FD66 /* TripMaker */ = {
			isa = PBXGroup;
			children = (
				4407A1622BAA40AC0047DF93 /* Utility */,
				613381DE2BA69DF100DB71AC /* View */,
				613381DD2BA69DE600DB71AC /* Model */,
				61C355C62BA69ABA00B8FD66 /* TripMakerApp.swift */,
				61C355CA2BA69ABA00B8FD66 /* Item.swift */,
				61C355CC2BA69ABB00B8FD66 /* Assets.xcassets */,
				61C355CE2BA69ABB00B8FD66 /* Preview Content */,
			);
			path = TripMaker;
			sourceTree = "<group>";
		};
		61C355CE2BA69ABB00B8FD66 /* Preview Content */ = {
			isa = PBXGroup;
			children = (
				61C355CF2BA69ABB00B8FD66 /* Preview Assets.xcassets */,
			);
			path = "Preview Content";
			sourceTree = "<group>";
		};
		61DDB6172BABD3A200A8D1EE /* SideMenuViews */ = {
			isa = PBXGroup;
			children = (
				61DDB6132BABD3A200A8D1EE /* MenuOptionView.swift */,
				61DDB6142BABD3A200A8D1EE /* ProfileHeaderView.swift */,
				61DDB6152BABD3A200A8D1EE /* SideMenu.swift */,
				61DDB6162BABD3A200A8D1EE /* SideMenuView.swift */,
			);
			path = SideMenuViews;
			sourceTree = "<group>";
		};
/* End PBXGroup section */

/* Begin PBXNativeTarget section */
		61C355C22BA69ABA00B8FD66 /* TripMaker */ = {
			isa = PBXNativeTarget;
			buildConfigurationList = 61C355D32BA69ABB00B8FD66 /* Build configuration list for PBXNativeTarget "TripMaker" */;
			buildPhases = (
				61C355BF2BA69ABA00B8FD66 /* Sources */,
				61C355C02BA69ABA00B8FD66 /* Frameworks */,
				61C355C12BA69ABA00B8FD66 /* Resources */,
			);
			buildRules = (
			);
			dependencies = (
			);
			name = TripMaker;
			packageProductDependencies = (
				613381E22BA69F0800DB71AC /* SQLite */,
				4407A15E2BAA04F30047DF93 /* UnsplashPhotoPicker */,
			);
			productName = TripMaker;
			productReference = 61C355C32BA69ABA00B8FD66 /* TripMaker.app */;
			productType = "com.apple.product-type.application";
		};
/* End PBXNativeTarget section */

/* Begin PBXProject section */
		61C355BB2BA69ABA00B8FD66 /* Project object */ = {
			isa = PBXProject;
			attributes = {
				BuildIndependentTargetsInParallel = 1;
				LastSwiftUpdateCheck = 1530;
				LastUpgradeCheck = 1530;
				TargetAttributes = {
					61C355C22BA69ABA00B8FD66 = {
						CreatedOnToolsVersion = 15.3;
					};
				};
			};
			buildConfigurationList = 61C355BE2BA69ABA00B8FD66 /* Build configuration list for PBXProject "TripMaker" */;
			compatibilityVersion = "Xcode 14.0";
			developmentRegion = en;
			hasScannedForEncodings = 0;
			knownRegions = (
				en,
				Base,
			);
			mainGroup = 61C355BA2BA69ABA00B8FD66;
			packageReferences = (
				613381E12BA69F0800DB71AC /* XCRemoteSwiftPackageReference "SQLite.swift" */,
				4407A15D2BAA04F30047DF93 /* XCRemoteSwiftPackageReference "unsplash-photopicker-ios" */,
			);
			productRefGroup = 61C355C42BA69ABA00B8FD66 /* Products */;
			projectDirPath = "";
			projectRoot = "";
			targets = (
				61C355C22BA69ABA00B8FD66 /* TripMaker */,
			);
		};
/* End PBXProject section */

/* Begin PBXResourcesBuildPhase section */
		61C355C12BA69ABA00B8FD66 /* Resources */ = {
			isa = PBXResourcesBuildPhase;
			buildActionMask = 2147483647;
			files = (
				61C355D02BA69ABB00B8FD66 /* Preview Assets.xcassets in Resources */,
				61C355CD2BA69ABB00B8FD66 /* Assets.xcassets in Resources */,
				4407A1922BB5F0940047DF93 /* maps.bundle in Resources */,
			);
			runOnlyForDeploymentPostprocessing = 0;
		};
/* End PBXResourcesBuildPhase section */

/* Begin PBXSourcesBuildPhase section */
		61C355BF2BA69ABA00B8FD66 /* Sources */ = {
			isa = PBXSourcesBuildPhase;
			buildActionMask = 2147483647;
			files = (
				4407A18E2BB5B2EF0047DF93 /* CustomMapOverlay.swift in Sources */,
				4407A1662BAA41A70047DF93 /* LocationView.swift in Sources */,
				61C355C92BA69ABA00B8FD66 /* ContentView.swift in Sources */,
				61DDB61A2BABD3A300A8D1EE /* SideMenu.swift in Sources */,
				61DDB6182BABD3A300A8D1EE /* MenuOptionView.swift in Sources */,
				619359262BAAA68A00541BC2 /* UserProfileManagement.swift in Sources */,
				4407A1742BABCEFD0047DF93 /* PassportView.swift in Sources */,
				61DDB6232BABFD9D00A8D1EE /* BarChartView.swift in Sources */,
				4407A1982BB625910047DF93 /* Scene.swift in Sources */,
				619359202BAAA67C00541BC2 /* LocationManagement.swift in Sources */,
				4407A1822BAC93950047DF93 /* DataStructures.swift in Sources */,
				61C355CB2BA69ABA00B8FD66 /* Item.swift in Sources */,
				613381EE2BA6B38100DB71AC /* dataModel.swift in Sources */,
				4407A1682BAA88570047DF93 /* TimerView.swift in Sources */,
				4407A18C2BB5B1ED0047DF93 /* CustomMapView.swift in Sources */,
				613381E02BA69EA900DB71AC /* Tables.swift in Sources */,
				619359242BAAA68600541BC2 /* FocusSessionManagement.swift in Sources */,
				61DDB61D2BABD3C900A8D1EE /* MapView.swift in Sources */,
				6193591C2BAAA66900541BC2 /* TableManagement.swift in Sources */,
				4407A1702BABBC550047DF93 /* LocationRowView.swift in Sources */,
				4407A17A2BABE9AC0047DF93 /* RankingView.swift in Sources */,
				4407A1642BAA40D00047DF93 /* Utilities.swift in Sources */,
				4407A1612BAA0F6B0047DF93 /* urlTask.swift in Sources */,
				4407A17E2BAC889E0047DF93 /* BlurView.swift in Sources */,
				6193591E2BAAA67400541BC2 /* RouteManagement.swift in Sources */,
				61DDB6192BABD3A300A8D1EE /* ProfileHeaderView.swift in Sources */,
				61DDB6212BABEF0B00A8D1EE /* Constants.swift in Sources */,
				4407A1762BABE9680047DF93 /* StatsView.swift in Sources */,
				61DDB61F2BABD3D000A8D1EE /* ProfileView.swift in Sources */,
				4407A1802BAC8DA90047DF93 /* SmallCardView.swift in Sources */,
				61DDB61B2BABD3A300A8D1EE /* SideMenuView.swift in Sources */,
				619359222BAAA68200541BC2 /* RewardManagement.swift in Sources */,
				4407A19A2BB6490A0047DF93 /* Annotation.swift in Sources */,
				61C355C72BA69ABA00B8FD66 /* TripMakerApp.swift in Sources */,
				4407A1962BB625580047DF93 /* MapTestView.swift in Sources */,
				4407A16C2BABB10E0047DF93 /* RouteView.swift in Sources */,
				4407A16E2BABB4170047DF93 /* RouteRowView.swift in Sources */,
			);
			runOnlyForDeploymentPostprocessing = 0;
		};
/* End PBXSourcesBuildPhase section */

/* Begin XCBuildConfiguration section */
		61C355D12BA69ABB00B8FD66 /* Debug */ = {
			isa = XCBuildConfiguration;
			buildSettings = {
				ALWAYS_SEARCH_USER_PATHS = NO;
				ASSETCATALOG_COMPILER_GENERATE_SWIFT_ASSET_SYMBOL_EXTENSIONS = YES;
				CLANG_ANALYZER_NONNULL = YES;
				CLANG_ANALYZER_NUMBER_OBJECT_CONVERSION = YES_AGGRESSIVE;
				CLANG_CXX_LANGUAGE_STANDARD = "gnu++20";
				CLANG_ENABLE_MODULES = YES;
				CLANG_ENABLE_OBJC_ARC = YES;
				CLANG_ENABLE_OBJC_WEAK = YES;
				CLANG_WARN_BLOCK_CAPTURE_AUTORELEASING = YES;
				CLANG_WARN_BOOL_CONVERSION = YES;
				CLANG_WARN_COMMA = YES;
				CLANG_WARN_CONSTANT_CONVERSION = YES;
				CLANG_WARN_DEPRECATED_OBJC_IMPLEMENTATIONS = YES;
				CLANG_WARN_DIRECT_OBJC_ISA_USAGE = YES_ERROR;
				CLANG_WARN_DOCUMENTATION_COMMENTS = YES;
				CLANG_WARN_EMPTY_BODY = YES;
				CLANG_WARN_ENUM_CONVERSION = YES;
				CLANG_WARN_INFINITE_RECURSION = YES;
				CLANG_WARN_INT_CONVERSION = YES;
				CLANG_WARN_NON_LITERAL_NULL_CONVERSION = YES;
				CLANG_WARN_OBJC_IMPLICIT_RETAIN_SELF = YES;
				CLANG_WARN_OBJC_LITERAL_CONVERSION = YES;
				CLANG_WARN_OBJC_ROOT_CLASS = YES_ERROR;
				CLANG_WARN_QUOTED_INCLUDE_IN_FRAMEWORK_HEADER = YES;
				CLANG_WARN_RANGE_LOOP_ANALYSIS = YES;
				CLANG_WARN_STRICT_PROTOTYPES = YES;
				CLANG_WARN_SUSPICIOUS_MOVE = YES;
				CLANG_WARN_UNGUARDED_AVAILABILITY = YES_AGGRESSIVE;
				CLANG_WARN_UNREACHABLE_CODE = YES;
				CLANG_WARN__DUPLICATE_METHOD_MATCH = YES;
				COPY_PHASE_STRIP = NO;
				DEBUG_INFORMATION_FORMAT = dwarf;
				ENABLE_STRICT_OBJC_MSGSEND = YES;
				ENABLE_TESTABILITY = YES;
				ENABLE_USER_SCRIPT_SANDBOXING = YES;
				GCC_C_LANGUAGE_STANDARD = gnu17;
				GCC_DYNAMIC_NO_PIC = NO;
				GCC_NO_COMMON_BLOCKS = YES;
				GCC_OPTIMIZATION_LEVEL = 0;
				GCC_PREPROCESSOR_DEFINITIONS = (
					"DEBUG=1",
					"$(inherited)",
				);
				GCC_WARN_64_TO_32_BIT_CONVERSION = YES;
				GCC_WARN_ABOUT_RETURN_TYPE = YES_ERROR;
				GCC_WARN_UNDECLARED_SELECTOR = YES;
				GCC_WARN_UNINITIALIZED_AUTOS = YES_AGGRESSIVE;
				GCC_WARN_UNUSED_FUNCTION = YES;
				GCC_WARN_UNUSED_VARIABLE = YES;
				IPHONEOS_DEPLOYMENT_TARGET = 17.4;
				LOCALIZATION_PREFERS_STRING_CATALOGS = YES;
				MTL_ENABLE_DEBUG_INFO = INCLUDE_SOURCE;
				MTL_FAST_MATH = YES;
				ONLY_ACTIVE_ARCH = YES;
				SDKROOT = iphoneos;
				SWIFT_ACTIVE_COMPILATION_CONDITIONS = "DEBUG $(inherited)";
				SWIFT_OPTIMIZATION_LEVEL = "-Onone";
			};
			name = Debug;
		};
		61C355D22BA69ABB00B8FD66 /* Release */ = {
			isa = XCBuildConfiguration;
			buildSettings = {
				ALWAYS_SEARCH_USER_PATHS = NO;
				ASSETCATALOG_COMPILER_GENERATE_SWIFT_ASSET_SYMBOL_EXTENSIONS = YES;
				CLANG_ANALYZER_NONNULL = YES;
				CLANG_ANALYZER_NUMBER_OBJECT_CONVERSION = YES_AGGRESSIVE;
				CLANG_CXX_LANGUAGE_STANDARD = "gnu++20";
				CLANG_ENABLE_MODULES = YES;
				CLANG_ENABLE_OBJC_ARC = YES;
				CLANG_ENABLE_OBJC_WEAK = YES;
				CLANG_WARN_BLOCK_CAPTURE_AUTORELEASING = YES;
				CLANG_WARN_BOOL_CONVERSION = YES;
				CLANG_WARN_COMMA = YES;
				CLANG_WARN_CONSTANT_CONVERSION = YES;
				CLANG_WARN_DEPRECATED_OBJC_IMPLEMENTATIONS = YES;
				CLANG_WARN_DIRECT_OBJC_ISA_USAGE = YES_ERROR;
				CLANG_WARN_DOCUMENTATION_COMMENTS = YES;
				CLANG_WARN_EMPTY_BODY = YES;
				CLANG_WARN_ENUM_CONVERSION = YES;
				CLANG_WARN_INFINITE_RECURSION = YES;
				CLANG_WARN_INT_CONVERSION = YES;
				CLANG_WARN_NON_LITERAL_NULL_CONVERSION = YES;
				CLANG_WARN_OBJC_IMPLICIT_RETAIN_SELF = YES;
				CLANG_WARN_OBJC_LITERAL_CONVERSION = YES;
				CLANG_WARN_OBJC_ROOT_CLASS = YES_ERROR;
				CLANG_WARN_QUOTED_INCLUDE_IN_FRAMEWORK_HEADER = YES;
				CLANG_WARN_RANGE_LOOP_ANALYSIS = YES;
				CLANG_WARN_STRICT_PROTOTYPES = YES;
				CLANG_WARN_SUSPICIOUS_MOVE = YES;
				CLANG_WARN_UNGUARDED_AVAILABILITY = YES_AGGRESSIVE;
				CLANG_WARN_UNREACHABLE_CODE = YES;
				CLANG_WARN__DUPLICATE_METHOD_MATCH = YES;
				COPY_PHASE_STRIP = NO;
				DEBUG_INFORMATION_FORMAT = "dwarf-with-dsym";
				ENABLE_NS_ASSERTIONS = NO;
				ENABLE_STRICT_OBJC_MSGSEND = YES;
				ENABLE_USER_SCRIPT_SANDBOXING = YES;
				GCC_C_LANGUAGE_STANDARD = gnu17;
				GCC_NO_COMMON_BLOCKS = YES;
				GCC_WARN_64_TO_32_BIT_CONVERSION = YES;
				GCC_WARN_ABOUT_RETURN_TYPE = YES_ERROR;
				GCC_WARN_UNDECLARED_SELECTOR = YES;
				GCC_WARN_UNINITIALIZED_AUTOS = YES_AGGRESSIVE;
				GCC_WARN_UNUSED_FUNCTION = YES;
				GCC_WARN_UNUSED_VARIABLE = YES;
				IPHONEOS_DEPLOYMENT_TARGET = 17.4;
				LOCALIZATION_PREFERS_STRING_CATALOGS = YES;
				MTL_ENABLE_DEBUG_INFO = NO;
				MTL_FAST_MATH = YES;
				SDKROOT = iphoneos;
				SWIFT_COMPILATION_MODE = wholemodule;
				VALIDATE_PRODUCT = YES;
			};
			name = Release;
		};
		61C355D42BA69ABB00B8FD66 /* Debug */ = {
			isa = XCBuildConfiguration;
			buildSettings = {
				ASSETCATALOG_COMPILER_APPICON_NAME = AppIcon;
				ASSETCATALOG_COMPILER_GLOBAL_ACCENT_COLOR_NAME = AccentColor;
				CODE_SIGN_STYLE = Automatic;
				CURRENT_PROJECT_VERSION = 1;
				DEVELOPMENT_ASSET_PATHS = "\"TripMaker/Preview Content\"";
				DEVELOPMENT_TEAM = U6J58C8CJT;
				ENABLE_PREVIEWS = YES;
				GENERATE_INFOPLIST_FILE = YES;
				INFOPLIST_KEY_UIApplicationSceneManifest_Generation = YES;
				INFOPLIST_KEY_UIApplicationSupportsIndirectInputEvents = YES;
				INFOPLIST_KEY_UILaunchScreen_Generation = YES;
				INFOPLIST_KEY_UISupportedInterfaceOrientations_iPad = "UIInterfaceOrientationPortrait UIInterfaceOrientationPortraitUpsideDown UIInterfaceOrientationLandscapeLeft UIInterfaceOrientationLandscapeRight";
				INFOPLIST_KEY_UISupportedInterfaceOrientations_iPhone = "UIInterfaceOrientationPortrait UIInterfaceOrientationLandscapeLeft UIInterfaceOrientationLandscapeRight";
				LD_RUNPATH_SEARCH_PATHS = (
					"$(inherited)",
					"@executable_path/Frameworks",
				);
				MARKETING_VERSION = 1.0;
				PRODUCT_BUNDLE_IDENTIFIER = edu.duke.kl478.TripMaker;
				PRODUCT_NAME = "$(TARGET_NAME)";
				SWIFT_EMIT_LOC_STRINGS = YES;
				SWIFT_VERSION = 5.0;
				TARGETED_DEVICE_FAMILY = "1,2";
			};
			name = Debug;
		};
		61C355D52BA69ABB00B8FD66 /* Release */ = {
			isa = XCBuildConfiguration;
			buildSettings = {
				ASSETCATALOG_COMPILER_APPICON_NAME = AppIcon;
				ASSETCATALOG_COMPILER_GLOBAL_ACCENT_COLOR_NAME = AccentColor;
				CODE_SIGN_STYLE = Automatic;
				CURRENT_PROJECT_VERSION = 1;
				DEVELOPMENT_ASSET_PATHS = "\"TripMaker/Preview Content\"";
				DEVELOPMENT_TEAM = U6J58C8CJT;
				ENABLE_PREVIEWS = YES;
				GENERATE_INFOPLIST_FILE = YES;
				INFOPLIST_KEY_UIApplicationSceneManifest_Generation = YES;
				INFOPLIST_KEY_UIApplicationSupportsIndirectInputEvents = YES;
				INFOPLIST_KEY_UILaunchScreen_Generation = YES;
				INFOPLIST_KEY_UISupportedInterfaceOrientations_iPad = "UIInterfaceOrientationPortrait UIInterfaceOrientationPortraitUpsideDown UIInterfaceOrientationLandscapeLeft UIInterfaceOrientationLandscapeRight";
				INFOPLIST_KEY_UISupportedInterfaceOrientations_iPhone = "UIInterfaceOrientationPortrait UIInterfaceOrientationLandscapeLeft UIInterfaceOrientationLandscapeRight";
				LD_RUNPATH_SEARCH_PATHS = (
					"$(inherited)",
					"@executable_path/Frameworks",
				);
				MARKETING_VERSION = 1.0;
				PRODUCT_BUNDLE_IDENTIFIER = edu.duke.kl478.TripMaker;
				PRODUCT_NAME = "$(TARGET_NAME)";
				SWIFT_EMIT_LOC_STRINGS = YES;
				SWIFT_VERSION = 5.0;
				TARGETED_DEVICE_FAMILY = "1,2";
			};
			name = Release;
		};
/* End XCBuildConfiguration section */

/* Begin XCConfigurationList section */
		61C355BE2BA69ABA00B8FD66 /* Build configuration list for PBXProject "TripMaker" */ = {
			isa = XCConfigurationList;
			buildConfigurations = (
				61C355D12BA69ABB00B8FD66 /* Debug */,
				61C355D22BA69ABB00B8FD66 /* Release */,
			);
			defaultConfigurationIsVisible = 0;
			defaultConfigurationName = Release;
		};
		61C355D32BA69ABB00B8FD66 /* Build configuration list for PBXNativeTarget "TripMaker" */ = {
			isa = XCConfigurationList;
			buildConfigurations = (
				61C355D42BA69ABB00B8FD66 /* Debug */,
				61C355D52BA69ABB00B8FD66 /* Release */,
			);
			defaultConfigurationIsVisible = 0;
			defaultConfigurationName = Release;
		};
/* End XCConfigurationList section */

/* Begin XCRemoteSwiftPackageReference section */
		4407A15D2BAA04F30047DF93 /* XCRemoteSwiftPackageReference "unsplash-photopicker-ios" */ = {
			isa = XCRemoteSwiftPackageReference;
			repositoryURL = "https://github.com/unsplash/unsplash-photopicker-ios.git";
			requirement = {
				kind = upToNextMajorVersion;
				minimumVersion = 1.3.0;
			};
		};
		613381E12BA69F0800DB71AC /* XCRemoteSwiftPackageReference "SQLite.swift" */ = {
			isa = XCRemoteSwiftPackageReference;
			repositoryURL = "https://github.com/stephencelis/SQLite.swift.git";
			requirement = {
				kind = upToNextMajorVersion;
				minimumVersion = 0.15.0;
			};
		};
/* End XCRemoteSwiftPackageReference section */

/* Begin XCSwiftPackageProductDependency section */
		4407A15E2BAA04F30047DF93 /* UnsplashPhotoPicker */ = {
			isa = XCSwiftPackageProductDependency;
			package = 4407A15D2BAA04F30047DF93 /* XCRemoteSwiftPackageReference "unsplash-photopicker-ios" */;
			productName = UnsplashPhotoPicker;
		};
		613381E22BA69F0800DB71AC /* SQLite */ = {
			isa = XCSwiftPackageProductDependency;
			package = 613381E12BA69F0800DB71AC /* XCRemoteSwiftPackageReference "SQLite.swift" */;
			productName = SQLite;
		};
/* End XCSwiftPackageProductDependency section */
	};
	rootObject = 61C355BB2BA69ABA00B8FD66 /* Project object */;
}
